{
  "name": "argie",
  "version": "0.0.1",
  "lockfileVersion": 1,
  "requires": true,
  "dependencies": {
    "argieDB": {
      "version": "git://github.com/trflagg/argieDB.git#05f0af2e7585fdb929eb3a67df757faddcaf09fb",
      "from": "git://github.com/trflagg/argieDB.git",
      "requires": {
        "co": "^3.1.0",
        "mongodb": "3.0.5",
        "mongoskin": "2.1.0",
        "thunkify": "^2.1.2"
      },
      "dependencies": {
        "co": {
          "version": "3.1.0",
          "resolved": "https://registry.npmjs.org/co/-/co-3.1.0.tgz",
          "integrity": "sha1-TqVOpaCJOBUxheFSEMaNkJK8G3g="
        }
      }
    },
    "argparse": {
      "version": "1.0.10",
      "resolved": "https://registry.npmjs.org/argparse/-/argparse-1.0.10.tgz",
      "integrity": "sha1-vNZ5HqWuCXJeF+WtmIE0zUCz2RE=",
      "requires": {
        "sprintf-js": "~1.0.2"
      }
    },
    "async": {
      "version": "0.2.9",
      "resolved": "https://registry.npmjs.org/async/-/async-0.2.9.tgz",
      "integrity": "sha1-32MGD789Myhqdqr21Vophtn/hhk="
    },
    "bson": {
      "version": "1.0.9",
      "resolved": "https://registry.npmjs.org/bson/-/bson-1.0.9.tgz",
      "integrity": "sha512-IQX9/h7WdMBIW/q/++tGd+emQr0XMdeZ6icnT/74Xk9fnabWn+gZgpE+9V+gujL3hhJOoNrnDVY7tWdzc7NUTg=="
    },
    "co": {
      "version": "4.6.0",
      "resolved": "https://registry.npmjs.org/co/-/co-4.6.0.tgz",
      "integrity": "sha1-bqa989hTrlTMuOR7+gvz+QMfsYQ="
    },
    "co-from-stream": {
      "version": "0.0.0",
      "resolved": "https://registry.npmjs.org/co-from-stream/-/co-from-stream-0.0.0.tgz",
      "integrity": "sha1-GlzYztdyY5RglPo58kmaYyl7yvk=",
      "requires": {
        "co-read": "0.0.1"
      }
    },
    "co-fs": {
      "version": "1.2.0",
      "resolved": "https://registry.npmjs.org/co-fs/-/co-fs-1.2.0.tgz",
      "integrity": "sha1-pt8EXOWMBO7UVYb/Q4UDKBOrpk4=",
      "requires": {
        "co-from-stream": "0.0.0",
        "thunkify": "0.0.1"
      },
      "dependencies": {
        "thunkify": {
          "version": "0.0.1",
          "resolved": "https://registry.npmjs.org/thunkify/-/thunkify-0.0.1.tgz",
          "integrity": "sha1-vV02sQabQHjl3LrI+rRTWb6mGD0="
        }
      }
    },
    "co-read": {
      "version": "0.0.1",
      "resolved": "https://registry.npmjs.org/co-read/-/co-read-0.0.1.tgz",
      "integrity": "sha1-+Bs+uKhmdf7FHj2IOn9WToc8k4k="
    },
    "esprima": {
      "version": "4.0.0",
      "resolved": "https://registry.npmjs.org/esprima/-/esprima-4.0.0.tgz",
      "integrity": "sha1-RJnt3NERDgshi6zy+n9/WfVcqAQ="
    },
    "js-yaml": {
      "version": "3.12.0",
      "resolved": "https://registry.npmjs.org/js-yaml/-/js-yaml-3.12.0.tgz",
      "integrity": "sha1-6u1lbsg0TxD1J8a/obbiJE3hZ9E=",
      "requires": {
        "argparse": "^1.0.7",
        "esprima": "^4.0.0"
      }
    },
    "lodash": {
      "version": "4.17.10",
      "resolved": "https://registry.npmjs.org/lodash/-/lodash-4.17.10.tgz",
      "integrity": "sha1-G3eTz3JZ6jj7NmHU04syYK+K5Oc="
    },
    "mongodb": {
      "version": "3.0.5",
      "resolved": "https://registry.npmjs.org/mongodb/-/mongodb-3.0.5.tgz",
      "integrity": "sha512-8ioTyyc8tkNwZCTDa1FPWvmpJFfvE484DnugC8KpVrw4AKAE03OOAlORl2yYTNtz3TX4Ab7FRo00vzgexB/67A==",
      "requires": {
        "mongodb-core": "3.0.5"
      }
    },
    "mongodb-core": {
      "version": "3.0.5",
      "resolved": "https://registry.npmjs.org/mongodb-core/-/mongodb-core-3.0.5.tgz",
      "integrity": "sha512-4A1nx/xAU5d/NPICjiyzVxzNrIdJQQsYRe3xQkV1O638t+fHHfAOLK+SQagqGnu1m0aeSxb1ixp/P0FGSQWIGA==",
      "requires": {
        "bson": "~1.0.4",
        "require_optional": "^1.0.1"
      }
    },
    "mongoskin": {
      "version": "2.1.0",
      "resolved": "https://registry.npmjs.org/mongoskin/-/mongoskin-2.1.0.tgz",
      "integrity": "sha1-H9poFLId5T42tDlvYSbJecXp7mA="
    },
    "require_optional": {
      "version": "1.0.1",
      "resolved": "https://registry.npmjs.org/require_optional/-/require_optional-1.0.1.tgz",
      "integrity": "sha512-qhM/y57enGWHAe3v/NcwML6a3/vfESLe/sGM2dII+gEO0BpKRUkWZow/tyloNqJyN6kXSl3RyyM8Ll5D/sJP8g==",
      "requires": {
        "resolve-from": "^2.0.0",
        "semver": "^5.1.0"
      }
    },
    "resolve-from": {
      "version": "2.0.0",
      "resolved": "https://registry.npmjs.org/resolve-from/-/resolve-from-2.0.0.tgz",
      "integrity": "sha1-lICrIOlP+h2egKgEx+oUdhGWa1c="
    },
    "semver": {
      "version": "5.5.1",
      "resolved": "https://registry.npmjs.org/semver/-/semver-5.5.1.tgz",
      "integrity": "sha512-PqpAxfrEhlSUWge8dwIp4tZnQ25DIOthpiaHNIthsjEFQD6EvqUKUDM7L8O2rShkFccYo1VjJR0coWfNkCubRw=="
    },
    "sprintf-js": {
      "version": "1.0.3",
      "resolved": "https://registry.npmjs.org/sprintf-js/-/sprintf-js-1.0.3.tgz",
      "integrity": "sha1-BOaSb2YolTVPPdAVIDYzuFcpfiw="
    },
    "sugar": {
      "version": "1.4.1",
      "resolved": "https://registry.npmjs.org/sugar/-/sugar-1.4.1.tgz",
      "integrity": "sha1-ExDU3txpnloXMYNxhUGw14RKdZg="
    },
    "thunkify": {
      "version": "2.1.2",
      "resolved": "https://registry.npmjs.org/thunkify/-/thunkify-2.1.2.tgz",
      "integrity": "sha1-+qDp0jDFGsyVyhOjYawFyn4EVT0="
    },
    "underscore": {
      "version": "1.5.2",
      "resolved": "https://registry.npmjs.org/underscore/-/underscore-1.5.2.tgz",
      "integrity": "sha1-EzXF5PXm0zu7SwBrqMhqAPVW3gg="
    }
  }
}
